
Microsoft Visual Studio Solution File, Format Version 12.00
# Visual Studio 2013
VisualStudioVersion = 12.0.21005.1
MinimumVisualStudioVersion = 10.0.40219.1
Project("{FAE04EC0-301F-11D3-BF4B-00C04F79EFBC}") = "LAB4", "LAB4\LAB4.csproj", "{BCF972B3-A06F-46D4-861D-9B09DBB1FB82}"
EndProject
Global
	GlobalSection(SolutionConfigurationPlatforms) = preSolution
		Debug|Any CPU = Debug|Any CPU
		Release|Any CPU = Release|Any CPU
	EndGlobalSection
	GlobalSection(ProjectConfigurationPlatforms) = postSolution
		{BCF972B3-A06F-46D4-861D-9B09DBB1FB82}.Debug|Any CPU.ActiveCfg = Debug|Any CPU
		{BCF972B3-A06F-46D4-861D-9B09DBB1FB82}.Debug|Any CPU.Build.0 = Debug|Any CPU
		{BCF972B3-A06F-46D4-861D-9B09DBB1FB82}.Release|Any CPU.ActiveCfg = Release|Any CPU
		{BCF972B3-A06F-46D4-861D-9B09DBB1FB82}.Release|Any CPU.Build.0 = Release|Any CPU
	EndGlobalSection
	GlobalSection(SolutionProperties) = preSolution
		HideSolutionNode = FALSE
	EndGlobalSection
EndGlobal
